
Microsoft Visual Studio Solution File, Format Version 12.00
Project("{FAE04EC0-301F-11D3-BF4B-00C04F79EFBC}") = "Presentation", "Presentation\Presentation.csproj", "{53A445F2-9F2E-4815-AF25-E94935BC63E5}"
EndProject
Project("{FAE04EC0-301F-11D3-BF4B-00C04F79EFBC}") = "Application", "Application\Application.csproj", "{B1E0CF97-7221-4D7B-9C64-2712E6615ED4}"
EndProject
Project("{FAE04EC0-301F-11D3-BF4B-00C04F79EFBC}") = "Domain", "Domain\Domain.csproj", "{1BFC6225-4FC4-47AD-A083-DD1742717FAD}"
EndProject
Project("{FAE04EC0-301F-11D3-BF4B-00C04F79EFBC}") = "Infrastructure", "Infrastructure\Infrastructure.csproj", "{38B26A92-BAA2-4E83-801D-E72F555D95FE}"
EndProject
Global
	GlobalSection(SolutionConfigurationPlatforms) = preSolution
		Debug|Any CPU = Debug|Any CPU
		Release|Any CPU = Release|Any CPU
	EndGlobalSection
	GlobalSection(ProjectConfigurationPlatforms) = postSolution
		{53A445F2-9F2E-4815-AF25-E94935BC63E5}.Debug|Any CPU.ActiveCfg = Debug|Any CPU
		{53A445F2-9F2E-4815-AF25-E94935BC63E5}.Debug|Any CPU.Build.0 = Debug|Any CPU
		{53A445F2-9F2E-4815-AF25-E94935BC63E5}.Release|Any CPU.ActiveCfg = Release|Any CPU
		{53A445F2-9F2E-4815-AF25-E94935BC63E5}.Release|Any CPU.Build.0 = Release|Any CPU
		{B1E0CF97-7221-4D7B-9C64-2712E6615ED4}.Debug|Any CPU.ActiveCfg = Debug|Any CPU
		{B1E0CF97-7221-4D7B-9C64-2712E6615ED4}.Debug|Any CPU.Build.0 = Debug|Any CPU
		{B1E0CF97-7221-4D7B-9C64-2712E6615ED4}.Release|Any CPU.ActiveCfg = Release|Any CPU
		{B1E0CF97-7221-4D7B-9C64-2712E6615ED4}.Release|Any CPU.Build.0 = Release|Any CPU
		{1BFC6225-4FC4-47AD-A083-DD1742717FAD}.Debug|Any CPU.ActiveCfg = Debug|Any CPU
		{1BFC6225-4FC4-47AD-A083-DD1742717FAD}.Debug|Any CPU.Build.0 = Debug|Any CPU
		{1BFC6225-4FC4-47AD-A083-DD1742717FAD}.Release|Any CPU.ActiveCfg = Release|Any CPU
		{1BFC6225-4FC4-47AD-A083-DD1742717FAD}.Release|Any CPU.Build.0 = Release|Any CPU
		{38B26A92-BAA2-4E83-801D-E72F555D95FE}.Debug|Any CPU.ActiveCfg = Debug|Any CPU
		{38B26A92-BAA2-4E83-801D-E72F555D95FE}.Debug|Any CPU.Build.0 = Debug|Any CPU
		{38B26A92-BAA2-4E83-801D-E72F555D95FE}.Release|Any CPU.ActiveCfg = Release|Any CPU
		{38B26A92-BAA2-4E83-801D-E72F555D95FE}.Release|Any CPU.Build.0 = Release|Any CPU
	EndGlobalSection
EndGlobal
